
Microsoft Visual Studio Solution File, Format Version 12.00
# Visual Studio 14
VisualStudioVersion = 14.0.23107.0
MinimumVisualStudioVersion = 10.0.40219.1
Project("{FAE04EC0-301F-11D3-BF4B-00C04F79EFBC}") = "Framework", "Framework\Framework.csproj", "{4726484A-BDE4-4051-B0FE-625916D4CAB9}"
EndProject
Project("{FAE04EC0-301F-11D3-BF4B-00C04F79EFBC}") = "NUnitTests", "NUnitTests\NUnitTests.csproj", "{796D2D3E-AAFF-4684-889F-980202D83E1F}"
EndProject
Project("{FAE04EC0-301F-11D3-BF4B-00C04F79EFBC}") = "SpecFlowTests", "SpecFlowTests\SpecFlowTests.csproj", "{C0FAF9AF-ACE2-401A-9CCC-A8EF0A49F172}"
EndProject
Global
	GlobalSection(SolutionConfigurationPlatforms) = preSolution
		Debug|Any CPU = Debug|Any CPU
		Release|Any CPU = Release|Any CPU
	EndGlobalSection
	GlobalSection(ProjectConfigurationPlatforms) = postSolution
		{4726484A-BDE4-4051-B0FE-625916D4CAB9}.Debug|Any CPU.ActiveCfg = Debug|Any CPU
		{4726484A-BDE4-4051-B0FE-625916D4CAB9}.Debug|Any CPU.Build.0 = Debug|Any CPU
		{4726484A-BDE4-4051-B0FE-625916D4CAB9}.Release|Any CPU.ActiveCfg = Release|Any CPU
		{4726484A-BDE4-4051-B0FE-625916D4CAB9}.Release|Any CPU.Build.0 = Release|Any CPU
		{796D2D3E-AAFF-4684-889F-980202D83E1F}.Debug|Any CPU.ActiveCfg = Debug|Any CPU
		{796D2D3E-AAFF-4684-889F-980202D83E1F}.Debug|Any CPU.Build.0 = Debug|Any CPU
		{796D2D3E-AAFF-4684-889F-980202D83E1F}.Release|Any CPU.ActiveCfg = Release|Any CPU
		{796D2D3E-AAFF-4684-889F-980202D83E1F}.Release|Any CPU.Build.0 = Release|Any CPU
		{C0FAF9AF-ACE2-401A-9CCC-A8EF0A49F172}.Debug|Any CPU.ActiveCfg = Debug|Any CPU
		{C0FAF9AF-ACE2-401A-9CCC-A8EF0A49F172}.Debug|Any CPU.Build.0 = Debug|Any CPU
		{C0FAF9AF-ACE2-401A-9CCC-A8EF0A49F172}.Release|Any CPU.ActiveCfg = Release|Any CPU
		{C0FAF9AF-ACE2-401A-9CCC-A8EF0A49F172}.Release|Any CPU.Build.0 = Release|Any CPU
	EndGlobalSection
	GlobalSection(SolutionProperties) = preSolution
		HideSolutionNode = FALSE
	EndGlobalSection
EndGlobal
